
Microsoft Visual Studio Solution File, Format Version 12.00
# Visual Studio Version 17
VisualStudioVersion = 17.0.31903.59
MinimumVisualStudioVersion = 10.0.40219.1
Project("{2150E333-8FDC-42A3-9474-1A3956D46DE8}") = "src", "src", "{827E0CD3-B72D-47B6-A68D-7590B98EB39B}"
EndProject
Project("{2150E333-8FDC-42A3-9474-1A3956D46DE8}") = "Core", "Core", "{8D626EA8-CB54-BC41-363A-217881BEBA6E}"
EndProject
Project("{FAE04EC0-301F-11D3-BF4B-00C04F79EFBC}") = "UserService.Domain", "src\Core\UserService.Domain\UserService.Domain.csproj", "{42874C0F-284F-4DCA-B9A2-BD42C8CE79E1}"
EndProject
Project("{FAE04EC0-301F-11D3-BF4B-00C04F79EFBC}") = "UserService.Application", "src\Core\UserService.Application\UserService.Application.csproj", "{ED34935C-7A47-4B74-9A67-9696CFEE100D}"
EndProject
Project("{2150E333-8FDC-42A3-9474-1A3956D46DE8}") = "Infrastructure", "Infrastructure", "{9048EB7F-3875-A59E-E36B-5BD4C6F2A282}"
EndProject
Project("{FAE04EC0-301F-11D3-BF4B-00C04F79EFBC}") = "UserService.Persistence", "src\Infrastructure\UserService.Persistence\UserService.Persistence.csproj", "{43F47D71-A120-476C-9119-D8553880474B}"
EndProject
Project("{FAE04EC0-301F-11D3-BF4B-00C04F79EFBC}") = "UserService.Infrastructure", "src\Infrastructure\UserService.Infrastructure\UserService.Infrastructure.csproj", "{B4C3A5F8-2B20-4B18-8485-B1DA3528A358}"
EndProject
Project("{2150E333-8FDC-42A3-9474-1A3956D46DE8}") = "Presentation", "Presentation", "{6996BBF7-DB31-59BC-C7DD-9A7CCC6138C4}"
EndProject
Project("{FAE04EC0-301F-11D3-BF4B-00C04F79EFBC}") = "UserService.API", "src\Presentation\UserService.API\UserService.API.csproj", "{220463B4-55D0-456D-9BA4-EA787B803F2F}"
EndProject
Global
	GlobalSection(SolutionConfigurationPlatforms) = preSolution
		Debug|Any CPU = Debug|Any CPU
		Debug|x64 = Debug|x64
		Debug|x86 = Debug|x86
		Release|Any CPU = Release|Any CPU
		Release|x64 = Release|x64
		Release|x86 = Release|x86
	EndGlobalSection
	GlobalSection(ProjectConfigurationPlatforms) = postSolution
		{42874C0F-284F-4DCA-B9A2-BD42C8CE79E1}.Debug|Any CPU.ActiveCfg = Debug|Any CPU
		{42874C0F-284F-4DCA-B9A2-BD42C8CE79E1}.Debug|Any CPU.Build.0 = Debug|Any CPU
		{42874C0F-284F-4DCA-B9A2-BD42C8CE79E1}.Debug|x64.ActiveCfg = Debug|Any CPU
		{42874C0F-284F-4DCA-B9A2-BD42C8CE79E1}.Debug|x64.Build.0 = Debug|Any CPU
		{42874C0F-284F-4DCA-B9A2-BD42C8CE79E1}.Debug|x86.ActiveCfg = Debug|Any CPU
		{42874C0F-284F-4DCA-B9A2-BD42C8CE79E1}.Debug|x86.Build.0 = Debug|Any CPU
		{42874C0F-284F-4DCA-B9A2-BD42C8CE79E1}.Release|Any CPU.ActiveCfg = Release|Any CPU
		{42874C0F-284F-4DCA-B9A2-BD42C8CE79E1}.Release|Any CPU.Build.0 = Release|Any CPU
		{42874C0F-284F-4DCA-B9A2-BD42C8CE79E1}.Release|x64.ActiveCfg = Release|Any CPU
		{42874C0F-284F-4DCA-B9A2-BD42C8CE79E1}.Release|x64.Build.0 = Release|Any CPU
		{42874C0F-284F-4DCA-B9A2-BD42C8CE79E1}.Release|x86.ActiveCfg = Release|Any CPU
		{42874C0F-284F-4DCA-B9A2-BD42C8CE79E1}.Release|x86.Build.0 = Release|Any CPU
		{ED34935C-7A47-4B74-9A67-9696CFEE100D}.Debug|Any CPU.ActiveCfg = Debug|Any CPU
		{ED34935C-7A47-4B74-9A67-9696CFEE100D}.Debug|Any CPU.Build.0 = Debug|Any CPU
		{ED34935C-7A47-4B74-9A67-9696CFEE100D}.Debug|x64.ActiveCfg = Debug|Any CPU
		{ED34935C-7A47-4B74-9A67-9696CFEE100D}.Debug|x64.Build.0 = Debug|Any CPU
		{ED34935C-7A47-4B74-9A67-9696CFEE100D}.Debug|x86.ActiveCfg = Debug|Any CPU
		{ED34935C-7A47-4B74-9A67-9696CFEE100D}.Debug|x86.Build.0 = Debug|Any CPU
		{ED34935C-7A47-4B74-9A67-9696CFEE100D}.Release|Any CPU.ActiveCfg = Release|Any CPU
		{ED34935C-7A47-4B74-9A67-9696CFEE100D}.Release|Any CPU.Build.0 = Release|Any CPU
		{ED34935C-7A47-4B74-9A67-9696CFEE100D}.Release|x64.ActiveCfg = Release|Any CPU
		{ED34935C-7A47-4B74-9A67-9696CFEE100D}.Release|x64.Build.0 = Release|Any CPU
		{ED34935C-7A47-4B74-9A67-9696CFEE100D}.Release|x86.ActiveCfg = Release|Any CPU
		{ED34935C-7A47-4B74-9A67-9696CFEE100D}.Release|x86.Build.0 = Release|Any CPU
		{43F47D71-A120-476C-9119-D8553880474B}.Debug|Any CPU.ActiveCfg = Debug|Any CPU
		{43F47D71-A120-476C-9119-D8553880474B}.Debug|Any CPU.Build.0 = Debug|Any CPU
		{43F47D71-A120-476C-9119-D8553880474B}.Debug|x64.ActiveCfg = Debug|Any CPU
		{43F47D71-A120-476C-9119-D8553880474B}.Debug|x64.Build.0 = Debug|Any CPU
		{43F47D71-A120-476C-9119-D8553880474B}.Debug|x86.ActiveCfg = Debug|Any CPU
		{43F47D71-A120-476C-9119-D8553880474B}.Debug|x86.Build.0 = Debug|Any CPU
		{43F47D71-A120-476C-9119-D8553880474B}.Release|Any CPU.ActiveCfg = Release|Any CPU
		{43F47D71-A120-476C-9119-D8553880474B}.Release|Any CPU.Build.0 = Release|Any CPU
		{43F47D71-A120-476C-9119-D8553880474B}.Release|x64.ActiveCfg = Release|Any CPU
		{43F47D71-A120-476C-9119-D8553880474B}.Release|x64.Build.0 = Release|Any CPU
		{43F47D71-A120-476C-9119-D8553880474B}.Release|x86.ActiveCfg = Release|Any CPU
		{43F47D71-A120-476C-9119-D8553880474B}.Release|x86.Build.0 = Release|Any CPU
		{B4C3A5F8-2B20-4B18-8485-B1DA3528A358}.Debug|Any CPU.ActiveCfg = Debug|Any CPU
		{B4C3A5F8-2B20-4B18-8485-B1DA3528A358}.Debug|Any CPU.Build.0 = Debug|Any CPU
		{B4C3A5F8-2B20-4B18-8485-B1DA3528A358}.Debug|x64.ActiveCfg = Debug|Any CPU
		{B4C3A5F8-2B20-4B18-8485-B1DA3528A358}.Debug|x64.Build.0 = Debug|Any CPU
		{B4C3A5F8-2B20-4B18-8485-B1DA3528A358}.Debug|x86.ActiveCfg = Debug|Any CPU
		{B4C3A5F8-2B20-4B18-8485-B1DA3528A358}.Debug|x86.Build.0 = Debug|Any CPU
		{B4C3A5F8-2B20-4B18-8485-B1DA3528A358}.Release|Any CPU.ActiveCfg = Release|Any CPU
		{B4C3A5F8-2B20-4B18-8485-B1DA3528A358}.Release|Any CPU.Build.0 = Release|Any CPU
		{B4C3A5F8-2B20-4B18-8485-B1DA3528A358}.Release|x64.ActiveCfg = Release|Any CPU
		{B4C3A5F8-2B20-4B18-8485-B1DA3528A358}.Release|x64.Build.0 = Release|Any CPU
		{B4C3A5F8-2B20-4B18-8485-B1DA3528A358}.Release|x86.ActiveCfg = Release|Any CPU
		{B4C3A5F8-2B20-4B18-8485-B1DA3528A358}.Release|x86.Build.0 = Release|Any CPU
		{220463B4-55D0-456D-9BA4-EA787B803F2F}.Debug|Any CPU.ActiveCfg = Debug|Any CPU
		{220463B4-55D0-456D-9BA4-EA787B803F2F}.Debug|Any CPU.Build.0 = Debug|Any CPU
		{220463B4-55D0-456D-9BA4-EA787B803F2F}.Debug|x64.ActiveCfg = Debug|Any CPU
		{220463B4-55D0-456D-9BA4-EA787B803F2F}.Debug|x64.Build.0 = Debug|Any CPU
		{220463B4-55D0-456D-9BA4-EA787B803F2F}.Debug|x86.ActiveCfg = Debug|Any CPU
		{220463B4-55D0-456D-9BA4-EA787B803F2F}.Debug|x86.Build.0 = Debug|Any CPU
		{220463B4-55D0-456D-9BA4-EA787B803F2F}.Release|Any CPU.ActiveCfg = Release|Any CPU
		{220463B4-55D0-456D-9BA4-EA787B803F2F}.Release|Any CPU.Build.0 = Release|Any CPU
		{220463B4-55D0-456D-9BA4-EA787B803F2F}.Release|x64.ActiveCfg = Release|Any CPU
		{220463B4-55D0-456D-9BA4-EA787B803F2F}.Release|x64.Build.0 = Release|Any CPU
		{220463B4-55D0-456D-9BA4-EA787B803F2F}.Release|x86.ActiveCfg = Release|Any CPU
		{220463B4-55D0-456D-9BA4-EA787B803F2F}.Release|x86.Build.0 = Release|Any CPU
	EndGlobalSection
	GlobalSection(SolutionProperties) = preSolution
		HideSolutionNode = FALSE
	EndGlobalSection
	GlobalSection(NestedProjects) = preSolution
		{8D626EA8-CB54-BC41-363A-217881BEBA6E} = {827E0CD3-B72D-47B6-A68D-7590B98EB39B}
		{42874C0F-284F-4DCA-B9A2-BD42C8CE79E1} = {8D626EA8-CB54-BC41-363A-217881BEBA6E}
		{ED34935C-7A47-4B74-9A67-9696CFEE100D} = {8D626EA8-CB54-BC41-363A-217881BEBA6E}
		{9048EB7F-3875-A59E-E36B-5BD4C6F2A282} = {827E0CD3-B72D-47B6-A68D-7590B98EB39B}
		{43F47D71-A120-476C-9119-D8553880474B} = {9048EB7F-3875-A59E-E36B-5BD4C6F2A282}
		{B4C3A5F8-2B20-4B18-8485-B1DA3528A358} = {9048EB7F-3875-A59E-E36B-5BD4C6F2A282}
		{6996BBF7-DB31-59BC-C7DD-9A7CCC6138C4} = {827E0CD3-B72D-47B6-A68D-7590B98EB39B}
		{220463B4-55D0-456D-9BA4-EA787B803F2F} = {6996BBF7-DB31-59BC-C7DD-9A7CCC6138C4}
	EndGlobalSection
	GlobalSection(ExtensibilityGlobals) = postSolution
		SolutionGuid = {C6A87102-9B26-4DF3-8FE6-8C9689EC8054}
	EndGlobalSection
EndGlobal
